
Microsoft Visual Studio Solution File, Format Version 12.00
# Visual Studio Version 17
VisualStudioVersion = 17.9.34728.123
MinimumVisualStudioVersion = 10.0.40219.1
Project("{FAE04EC0-301F-11D3-BF4B-00C04F79EFBC}") = "Tray", "Tray.csproj", "{F95A7227-4CD8-474E-88E8-F3282DD9C9DE}"
EndProject
Global
	GlobalSection(SolutionConfigurationPlatforms) = preSolution
		Debug|Any CPU = Debug|Any CPU
		Release|Any CPU = Release|Any CPU
	EndGlobalSection
	GlobalSection(ProjectConfigurationPlatforms) = postSolution
		{F95A7227-4CD8-474E-88E8-F3282DD9C9DE}.Debug|Any CPU.ActiveCfg = Debug|Any CPU
		{F95A7227-4CD8-474E-88E8-F3282DD9C9DE}.Debug|Any CPU.Build.0 = Debug|Any CPU
		{F95A7227-4CD8-474E-88E8-F3282DD9C9DE}.Release|Any CPU.ActiveCfg = Release|Any CPU
		{F95A7227-4CD8-474E-88E8-F3282DD9C9DE}.Release|Any CPU.Build.0 = Release|Any CPU
	EndGlobalSection
	GlobalSection(SolutionProperties) = preSolution
		HideSolutionNode = FALSE
	EndGlobalSection
	GlobalSection(ExtensibilityGlobals) = postSolution
		SolutionGuid = {F2BBAA7E-A50D-4476-B3A4-77D940B94552}
	EndGlobalSection
EndGlobal
